
Microsoft Visual Studio Solution File, Format Version 12.00
# Visual Studio 15
VisualStudioVersion = 15.0.28307.852
MinimumVisualStudioVersion = 10.0.40219.1
Project("{E24C65DC-7377-472B-9ABA-BC803B73C61A}") = "RSP_projekt_autor", "RSP_projekt_autor\", "{C200E9A6-FD43-4793-AEC4-DA0B54745793}"
	ProjectSection(WebsiteProperties) = preProject
		TargetFrameworkMoniker = ".NETFramework,Version%3Dv4.6.1"
		Debug.AspNetCompiler.VirtualPath = "/localhost_50913"
		Debug.AspNetCompiler.PhysicalPath = "RSP_projekt_autor\"
		Debug.AspNetCompiler.TargetPath = "PrecompiledWeb\localhost_50913\"
		Debug.AspNetCompiler.Updateable = "true"
		Debug.AspNetCompiler.ForceOverwrite = "true"
		Debug.AspNetCompiler.FixedNames = "false"
		Debug.AspNetCompiler.Debug = "True"
		Release.AspNetCompiler.VirtualPath = "/localhost_50913"
		Release.AspNetCompiler.PhysicalPath = "RSP_projekt_autor\"
		Release.AspNetCompiler.TargetPath = "PrecompiledWeb\localhost_50913\"
		Release.AspNetCompiler.Updateable = "true"
		Release.AspNetCompiler.ForceOverwrite = "true"
		Release.AspNetCompiler.FixedNames = "false"
		Release.AspNetCompiler.Debug = "False"
		VWDPort = "50913"
		SlnRelativePath = "RSP_projekt_autor\"
		DefaultWebSiteLanguage = "Visual C#"
	EndProjectSection
EndProject
Global
	GlobalSection(SolutionConfigurationPlatforms) = preSolution
		Debug|Any CPU = Debug|Any CPU
	EndGlobalSection
	GlobalSection(ProjectConfigurationPlatforms) = postSolution
		{C200E9A6-FD43-4793-AEC4-DA0B54745793}.Debug|Any CPU.ActiveCfg = Debug|Any CPU
		{C200E9A6-FD43-4793-AEC4-DA0B54745793}.Debug|Any CPU.Build.0 = Debug|Any CPU
	EndGlobalSection
	GlobalSection(SolutionProperties) = preSolution
		HideSolutionNode = FALSE
	EndGlobalSection
	GlobalSection(ExtensibilityGlobals) = postSolution
		SolutionGuid = {97D4804D-C2FC-4D89-8500-FF8EE45578B9}
	EndGlobalSection
EndGlobal
